
Microsoft Visual Studio Solution File, Format Version 12.00
# Visual Studio Version 16
VisualStudioVersion = 16.0.28803.452
MinimumVisualStudioVersion = 10.0.40219.1
Project("{2150E333-8FDC-42A3-9474-1A3956D46DE8}") = "src", "src", "{1AA63E2D-EDF6-4134-8523-9DC87318C2D1}"
EndProject
Project("{9A19103F-16F7-4668-BE54-9A1E7A4F7556}") = "IdS4.Infrastructure", "IdS4.Infrastructure\IdS4.Infrastructure.csproj", "{7A538133-ED88-426C-A4CA-4F4A1E8E4A32}"
EndProject
Project("{9A19103F-16F7-4668-BE54-9A1E7A4F7556}") = "IdS4", "IdS4\IdS4.csproj", "{307750F7-97DF-41B7-954F-B01DA96EF9FF}"
EndProject
Project("{9A19103F-16F7-4668-BE54-9A1E7A4F7556}") = "IdS4.Application", "IdS4.Application\IdS4.Application.csproj", "{3B77C10D-E14C-4C29-AA3F-E8CCC4B7A229}"
EndProject
Project("{9A19103F-16F7-4668-BE54-9A1E7A4F7556}") = "IdS4.Management", "IdS4.Management\IdS4.Management.csproj", "{554A3565-C508-4C41-8128-6DADB66485BE}"
EndProject
Project("{9A19103F-16F7-4668-BE54-9A1E7A4F7556}") = "IdS4.Server", "IdS4.Server\IdS4.Server.csproj", "{E82C8028-CD04-424B-B7BC-71DB79047668}"
EndProject
Global
	GlobalSection(SolutionConfigurationPlatforms) = preSolution
		Debug|Any CPU = Debug|Any CPU
		Release|Any CPU = Release|Any CPU
	EndGlobalSection
	GlobalSection(ProjectConfigurationPlatforms) = postSolution
		{7A538133-ED88-426C-A4CA-4F4A1E8E4A32}.Debug|Any CPU.ActiveCfg = Debug|Any CPU
		{7A538133-ED88-426C-A4CA-4F4A1E8E4A32}.Debug|Any CPU.Build.0 = Debug|Any CPU
		{7A538133-ED88-426C-A4CA-4F4A1E8E4A32}.Release|Any CPU.ActiveCfg = Release|Any CPU
		{7A538133-ED88-426C-A4CA-4F4A1E8E4A32}.Release|Any CPU.Build.0 = Release|Any CPU
		{307750F7-97DF-41B7-954F-B01DA96EF9FF}.Debug|Any CPU.ActiveCfg = Debug|Any CPU
		{307750F7-97DF-41B7-954F-B01DA96EF9FF}.Debug|Any CPU.Build.0 = Debug|Any CPU
		{307750F7-97DF-41B7-954F-B01DA96EF9FF}.Release|Any CPU.ActiveCfg = Release|Any CPU
		{307750F7-97DF-41B7-954F-B01DA96EF9FF}.Release|Any CPU.Build.0 = Release|Any CPU
		{3B77C10D-E14C-4C29-AA3F-E8CCC4B7A229}.Debug|Any CPU.ActiveCfg = Debug|Any CPU
		{3B77C10D-E14C-4C29-AA3F-E8CCC4B7A229}.Debug|Any CPU.Build.0 = Debug|Any CPU
		{3B77C10D-E14C-4C29-AA3F-E8CCC4B7A229}.Release|Any CPU.ActiveCfg = Release|Any CPU
		{3B77C10D-E14C-4C29-AA3F-E8CCC4B7A229}.Release|Any CPU.Build.0 = Release|Any CPU
		{554A3565-C508-4C41-8128-6DADB66485BE}.Debug|Any CPU.ActiveCfg = Debug|Any CPU
		{554A3565-C508-4C41-8128-6DADB66485BE}.Debug|Any CPU.Build.0 = Debug|Any CPU
		{554A3565-C508-4C41-8128-6DADB66485BE}.Release|Any CPU.ActiveCfg = Release|Any CPU
		{554A3565-C508-4C41-8128-6DADB66485BE}.Release|Any CPU.Build.0 = Release|Any CPU
		{E82C8028-CD04-424B-B7BC-71DB79047668}.Debug|Any CPU.ActiveCfg = Debug|Any CPU
		{E82C8028-CD04-424B-B7BC-71DB79047668}.Debug|Any CPU.Build.0 = Debug|Any CPU
		{E82C8028-CD04-424B-B7BC-71DB79047668}.Release|Any CPU.ActiveCfg = Release|Any CPU
		{E82C8028-CD04-424B-B7BC-71DB79047668}.Release|Any CPU.Build.0 = Release|Any CPU
	EndGlobalSection
	GlobalSection(SolutionProperties) = preSolution
		HideSolutionNode = FALSE
	EndGlobalSection
	GlobalSection(NestedProjects) = preSolution
		{7A538133-ED88-426C-A4CA-4F4A1E8E4A32} = {1AA63E2D-EDF6-4134-8523-9DC87318C2D1}
		{307750F7-97DF-41B7-954F-B01DA96EF9FF} = {1AA63E2D-EDF6-4134-8523-9DC87318C2D1}
		{3B77C10D-E14C-4C29-AA3F-E8CCC4B7A229} = {1AA63E2D-EDF6-4134-8523-9DC87318C2D1}
		{554A3565-C508-4C41-8128-6DADB66485BE} = {1AA63E2D-EDF6-4134-8523-9DC87318C2D1}
		{E82C8028-CD04-424B-B7BC-71DB79047668} = {1AA63E2D-EDF6-4134-8523-9DC87318C2D1}
	EndGlobalSection
	GlobalSection(ExtensibilityGlobals) = postSolution
		SolutionGuid = {680055F7-79E1-4553-A05E-9675FB38067C}
	EndGlobalSection
EndGlobal
